
Microsoft Visual Studio Solution File, Format Version 12.00
# Visual Studio Version 17
VisualStudioVersion = 17.3.32929.385
MinimumVisualStudioVersion = 10.0.40219.1
Project("{FAE04EC0-301F-11D3-BF4B-00C04F79EFBC}") = "FirstSteps", "FirstSteps\FirstSteps.csproj", "{7C3B79F4-57EA-4ECA-BD7F-128F6858BC08}"
EndProject
Global
	GlobalSection(SolutionConfigurationPlatforms) = preSolution
		Debug|Any CPU = Debug|Any CPU
		Release|Any CPU = Release|Any CPU
	EndGlobalSection
	GlobalSection(ProjectConfigurationPlatforms) = postSolution
		{7C3B79F4-57EA-4ECA-BD7F-128F6858BC08}.Debug|Any CPU.ActiveCfg = Debug|Any CPU
		{7C3B79F4-57EA-4ECA-BD7F-128F6858BC08}.Debug|Any CPU.Build.0 = Debug|Any CPU
		{7C3B79F4-57EA-4ECA-BD7F-128F6858BC08}.Release|Any CPU.ActiveCfg = Release|Any CPU
		{7C3B79F4-57EA-4ECA-BD7F-128F6858BC08}.Release|Any CPU.Build.0 = Release|Any CPU
	EndGlobalSection
	GlobalSection(SolutionProperties) = preSolution
		HideSolutionNode = FALSE
	EndGlobalSection
	GlobalSection(ExtensibilityGlobals) = postSolution
		SolutionGuid = {F89F0754-A8E1-4513-B43A-6CFD5E947E75}
	EndGlobalSection
EndGlobal
